
Microsoft Visual Studio Solution File, Format Version 11.00
# Visual Studio 2010
Project("{FAE04EC0-301F-11D3-BF4B-00C04F79EFBC}") = "MediaHost.Domain", "MediaHost.Domain\MediaHost.Domain.csproj", "{EE5823FE-87C6-404B-AF63-3587B315DA8D}"
EndProject
Project("{FAE04EC0-301F-11D3-BF4B-00C04F79EFBC}") = "MediaHost", "MediaHost\MediaHost.csproj", "{141DFD59-F1CA-408C-85F0-770C58D243EF}"
EndProject
Project("{FAE04EC0-301F-11D3-BF4B-00C04F79EFBC}") = "MediaHost.Spec", "MediaHost.Spec\MediaHost.Spec.csproj", "{A52A777B-D018-47D3-BEAA-0E870E19C9BB}"
EndProject
Global
	GlobalSection(SolutionConfigurationPlatforms) = preSolution
		Debug|Any CPU = Debug|Any CPU
		Release|Any CPU = Release|Any CPU
	EndGlobalSection
	GlobalSection(ProjectConfigurationPlatforms) = postSolution
		{EE5823FE-87C6-404B-AF63-3587B315DA8D}.Debug|Any CPU.ActiveCfg = Debug|Any CPU
		{EE5823FE-87C6-404B-AF63-3587B315DA8D}.Debug|Any CPU.Build.0 = Debug|Any CPU
		{EE5823FE-87C6-404B-AF63-3587B315DA8D}.Release|Any CPU.ActiveCfg = Release|Any CPU
		{EE5823FE-87C6-404B-AF63-3587B315DA8D}.Release|Any CPU.Build.0 = Release|Any CPU
		{141DFD59-F1CA-408C-85F0-770C58D243EF}.Debug|Any CPU.ActiveCfg = Debug|Any CPU
		{141DFD59-F1CA-408C-85F0-770C58D243EF}.Debug|Any CPU.Build.0 = Debug|Any CPU
		{141DFD59-F1CA-408C-85F0-770C58D243EF}.Release|Any CPU.ActiveCfg = Release|Any CPU
		{141DFD59-F1CA-408C-85F0-770C58D243EF}.Release|Any CPU.Build.0 = Release|Any CPU
		{A52A777B-D018-47D3-BEAA-0E870E19C9BB}.Debug|Any CPU.ActiveCfg = Debug|Any CPU
		{A52A777B-D018-47D3-BEAA-0E870E19C9BB}.Debug|Any CPU.Build.0 = Debug|Any CPU
		{A52A777B-D018-47D3-BEAA-0E870E19C9BB}.Release|Any CPU.ActiveCfg = Release|Any CPU
		{A52A777B-D018-47D3-BEAA-0E870E19C9BB}.Release|Any CPU.Build.0 = Release|Any CPU
	EndGlobalSection
	GlobalSection(SolutionProperties) = preSolution
		HideSolutionNode = FALSE
	EndGlobalSection
EndGlobal
